
Microsoft Visual Studio Solution File, Format Version 12.00
# Visual Studio 2013
VisualStudioVersion = 12.0.40629.0
MinimumVisualStudioVersion = 10.0.40219.1
Project("{FAE04EC0-301F-11D3-BF4B-00C04F79EFBC}") = "Task1", "Task1\Task1.csproj", "{56F2CCEF-B89B-4D44-B64F-F0030635AAA8}"
EndProject
Project("{FAE04EC0-301F-11D3-BF4B-00C04F79EFBC}") = "Task2", "Task2\Task2.csproj", "{81DA4CF5-43E6-4348-A5B6-4A166FF34579}"
EndProject
Project("{FAE04EC0-301F-11D3-BF4B-00C04F79EFBC}") = "Task3", "Task3\Task3.csproj", "{33E992B8-F4E9-48D2-B4BB-3D20EB073BB6}"
EndProject
Project("{FAE04EC0-301F-11D3-BF4B-00C04F79EFBC}") = "Task4", "Task4\Task4.csproj", "{88B85271-D215-4D04-ACD8-9B1A45ECB4AB}"
EndProject
Global
	GlobalSection(SolutionConfigurationPlatforms) = preSolution
		Debug|Any CPU = Debug|Any CPU
		Release|Any CPU = Release|Any CPU
	EndGlobalSection
	GlobalSection(ProjectConfigurationPlatforms) = postSolution
		{56F2CCEF-B89B-4D44-B64F-F0030635AAA8}.Debug|Any CPU.ActiveCfg = Debug|Any CPU
		{56F2CCEF-B89B-4D44-B64F-F0030635AAA8}.Debug|Any CPU.Build.0 = Debug|Any CPU
		{56F2CCEF-B89B-4D44-B64F-F0030635AAA8}.Release|Any CPU.ActiveCfg = Release|Any CPU
		{56F2CCEF-B89B-4D44-B64F-F0030635AAA8}.Release|Any CPU.Build.0 = Release|Any CPU
		{81DA4CF5-43E6-4348-A5B6-4A166FF34579}.Debug|Any CPU.ActiveCfg = Debug|Any CPU
		{81DA4CF5-43E6-4348-A5B6-4A166FF34579}.Debug|Any CPU.Build.0 = Debug|Any CPU
		{81DA4CF5-43E6-4348-A5B6-4A166FF34579}.Release|Any CPU.ActiveCfg = Release|Any CPU
		{81DA4CF5-43E6-4348-A5B6-4A166FF34579}.Release|Any CPU.Build.0 = Release|Any CPU
		{33E992B8-F4E9-48D2-B4BB-3D20EB073BB6}.Debug|Any CPU.ActiveCfg = Debug|Any CPU
		{33E992B8-F4E9-48D2-B4BB-3D20EB073BB6}.Debug|Any CPU.Build.0 = Debug|Any CPU
		{33E992B8-F4E9-48D2-B4BB-3D20EB073BB6}.Release|Any CPU.ActiveCfg = Release|Any CPU
		{33E992B8-F4E9-48D2-B4BB-3D20EB073BB6}.Release|Any CPU.Build.0 = Release|Any CPU
		{88B85271-D215-4D04-ACD8-9B1A45ECB4AB}.Debug|Any CPU.ActiveCfg = Debug|Any CPU
		{88B85271-D215-4D04-ACD8-9B1A45ECB4AB}.Debug|Any CPU.Build.0 = Debug|Any CPU
		{88B85271-D215-4D04-ACD8-9B1A45ECB4AB}.Release|Any CPU.ActiveCfg = Release|Any CPU
		{88B85271-D215-4D04-ACD8-9B1A45ECB4AB}.Release|Any CPU.Build.0 = Release|Any CPU
	EndGlobalSection
	GlobalSection(SolutionProperties) = preSolution
		HideSolutionNode = FALSE
	EndGlobalSection
EndGlobal
