
Microsoft Visual Studio Solution File, Format Version 12.00
# Visual Studio Version 17
VisualStudioVersion = 17.6.33829.357
MinimumVisualStudioVersion = 10.0.40219.1
Project("{FAE04EC0-301F-11D3-BF4B-00C04F79EFBC}") = "Que2", "Que2\Que2.csproj", "{F1BCD8B8-F156-4BF9-99E5-779B4C42183F}"
EndProject
Global
	GlobalSection(SolutionConfigurationPlatforms) = preSolution
		Debug|Any CPU = Debug|Any CPU
		Release|Any CPU = Release|Any CPU
	EndGlobalSection
	GlobalSection(ProjectConfigurationPlatforms) = postSolution
		{F1BCD8B8-F156-4BF9-99E5-779B4C42183F}.Debug|Any CPU.ActiveCfg = Debug|Any CPU
		{F1BCD8B8-F156-4BF9-99E5-779B4C42183F}.Debug|Any CPU.Build.0 = Debug|Any CPU
		{F1BCD8B8-F156-4BF9-99E5-779B4C42183F}.Release|Any CPU.ActiveCfg = Release|Any CPU
		{F1BCD8B8-F156-4BF9-99E5-779B4C42183F}.Release|Any CPU.Build.0 = Release|Any CPU
	EndGlobalSection
	GlobalSection(SolutionProperties) = preSolution
		HideSolutionNode = FALSE
	EndGlobalSection
	GlobalSection(ExtensibilityGlobals) = postSolution
		SolutionGuid = {44128257-F0E0-4753-A234-B369C97BEE11}
	EndGlobalSection
EndGlobal
