
Microsoft Visual Studio Solution File, Format Version 12.00
# Visual Studio Version 17
VisualStudioVersion = 17.11.35312.102
MinimumVisualStudioVersion = 10.0.40219.1
Project("{9A19103F-16F7-4668-BE54-9A1E7A4F7556}") = "OOPDemo2", "OOPDemo1\OOPDemo2.csproj", "{B4F1C55A-A9E8-4D38-9C4F-635C7175F4A6}"
EndProject
Global
	GlobalSection(SolutionConfigurationPlatforms) = preSolution
		Debug|Any CPU = Debug|Any CPU
		Release|Any CPU = Release|Any CPU
	EndGlobalSection
	GlobalSection(ProjectConfigurationPlatforms) = postSolution
		{B4F1C55A-A9E8-4D38-9C4F-635C7175F4A6}.Debug|Any CPU.ActiveCfg = Debug|Any CPU
		{B4F1C55A-A9E8-4D38-9C4F-635C7175F4A6}.Debug|Any CPU.Build.0 = Debug|Any CPU
		{B4F1C55A-A9E8-4D38-9C4F-635C7175F4A6}.Release|Any CPU.ActiveCfg = Release|Any CPU
		{B4F1C55A-A9E8-4D38-9C4F-635C7175F4A6}.Release|Any CPU.Build.0 = Release|Any CPU
	EndGlobalSection
	GlobalSection(SolutionProperties) = preSolution
		HideSolutionNode = FALSE
	EndGlobalSection
	GlobalSection(ExtensibilityGlobals) = postSolution
		SolutionGuid = {25EC0797-8977-4FDC-B2E8-14FCC8100DCE}
	EndGlobalSection
EndGlobal
