
Microsoft Visual Studio Solution File, Format Version 12.00
# Visual Studio Version 17
VisualStudioVersion = 17.11.35312.102
MinimumVisualStudioVersion = 10.0.40219.1
Project("{FAE04EC0-301F-11D3-BF4B-00C04F79EFBC}") = "Worksheet2", "Worksheet2\Worksheet2.csproj", "{9F394617-588F-4773-9183-040FC7DCB22E}"
EndProject
Global
	GlobalSection(SolutionConfigurationPlatforms) = preSolution
		Debug|Any CPU = Debug|Any CPU
		Release|Any CPU = Release|Any CPU
	EndGlobalSection
	GlobalSection(ProjectConfigurationPlatforms) = postSolution
		{9F394617-588F-4773-9183-040FC7DCB22E}.Debug|Any CPU.ActiveCfg = Debug|Any CPU
		{9F394617-588F-4773-9183-040FC7DCB22E}.Debug|Any CPU.Build.0 = Debug|Any CPU
		{9F394617-588F-4773-9183-040FC7DCB22E}.Release|Any CPU.ActiveCfg = Release|Any CPU
		{9F394617-588F-4773-9183-040FC7DCB22E}.Release|Any CPU.Build.0 = Release|Any CPU
	EndGlobalSection
	GlobalSection(SolutionProperties) = preSolution
		HideSolutionNode = FALSE
	EndGlobalSection
	GlobalSection(ExtensibilityGlobals) = postSolution
		SolutionGuid = {F7FB8FAA-AB0D-4D02-92CB-BDF291F41AE3}
	EndGlobalSection
EndGlobal
